
Microsoft Visual Studio Solution File, Format Version 12.00
# Visual Studio Version 16
VisualStudioVersion = 16.0.30225.117
MinimumVisualStudioVersion = 10.0.40219.1
Project("{FAE04EC0-301F-11D3-BF4B-00C04F79EFBC}") = "CrewTransfer_module", "CrewTransfer_module\CrewTransfer_module.csproj", "{B6EBEBE1-5ECF-4D67-B7E4-53C40C3A9385}"
EndProject
Global
	GlobalSection(SolutionConfigurationPlatforms) = preSolution
		Debug|Any CPU = Debug|Any CPU
		Release|Any CPU = Release|Any CPU
	EndGlobalSection
	GlobalSection(ProjectConfigurationPlatforms) = postSolution
		{B6EBEBE1-5ECF-4D67-B7E4-53C40C3A9385}.Debug|Any CPU.ActiveCfg = Debug|Any CPU
		{B6EBEBE1-5ECF-4D67-B7E4-53C40C3A9385}.Debug|Any CPU.Build.0 = Debug|Any CPU
		{B6EBEBE1-5ECF-4D67-B7E4-53C40C3A9385}.Release|Any CPU.ActiveCfg = Release|Any CPU
		{B6EBEBE1-5ECF-4D67-B7E4-53C40C3A9385}.Release|Any CPU.Build.0 = Release|Any CPU
	EndGlobalSection
	GlobalSection(SolutionProperties) = preSolution
		HideSolutionNode = FALSE
	EndGlobalSection
	GlobalSection(ExtensibilityGlobals) = postSolution
		SolutionGuid = {4FAEC077-54DC-4700-BC57-1C72C748118A}
	EndGlobalSection
EndGlobal
